{
  "name": "album-review-fullstack",
  "lockfileVersion": 3,
  "requires": true,
  "packages": {
    "": {
      "workspaces": [
        "shared"
      ]
    },
    "node_modules/@album-reviews/shared": {
      "resolved": "shared",
      "link": true
    },
    "shared": {
      "name": "@album-reviews/shared",
      "version": "1.0.0"
    }
  }
}
